
Microsoft Visual Studio Solution File, Format Version 12.00
# Visual Studio Version 17
VisualStudioVersion = 17.9.34723.18
MinimumVisualStudioVersion = 10.0.40219.1
Project("{9A19103F-16F7-4668-BE54-9A1E7A4F7556}") = "RequestTracker", "RequestTracker\RequestTracker.csproj", "{E8AC1D5D-BA6F-4EB8-8A00-1650A7069EB9}"
EndProject
Project("{9A19103F-16F7-4668-BE54-9A1E7A4F7556}") = "RequestTrackerModelLibrary", "RequestTrackerModelLibrary\RequestTrackerModelLibrary.csproj", "{E035FF8A-F838-4789-AA3B-7C7498642CF3}"
EndProject
Project("{9A19103F-16F7-4668-BE54-9A1E7A4F7556}") = "RequestTrackerDALLibrary", "RequestTrackerDALLibrary\RequestTrackerDALLibrary.csproj", "{19F96C69-FD17-45A4-82DF-535CAA53322B}"
EndProject
Project("{9A19103F-16F7-4668-BE54-9A1E7A4F7556}") = "RequestTrackerBLLibrary", "ReqstTrackerBLLibrary\RequestTrackerBLLibrary.csproj", "{98C5EC9C-5AEF-4105-A42D-35653ADA75B6}"
EndProject
Project("{FAE04EC0-301F-11D3-BF4B-00C04F79EFBC}") = "RequestTrackerTest", "RequestTrackerTest1\RequestTrackerTest.csproj", "{15A62004-64C0-47D9-96DD-7881886A9A7D}"
EndProject
Project("{FAE04EC0-301F-11D3-BF4B-00C04F79EFBC}") = "RequestTrackerBLTest", "DepartmentBLTest\RequestTrackerBLTest.csproj", "{180EE622-56A1-4B29-8A64-EA9C032903EC}"
EndProject
Global
	GlobalSection(SolutionConfigurationPlatforms) = preSolution
		Debug|Any CPU = Debug|Any CPU
		Release|Any CPU = Release|Any CPU
	EndGlobalSection
	GlobalSection(ProjectConfigurationPlatforms) = postSolution
		{E8AC1D5D-BA6F-4EB8-8A00-1650A7069EB9}.Debug|Any CPU.ActiveCfg = Debug|Any CPU
		{E8AC1D5D-BA6F-4EB8-8A00-1650A7069EB9}.Debug|Any CPU.Build.0 = Debug|Any CPU
		{E8AC1D5D-BA6F-4EB8-8A00-1650A7069EB9}.Release|Any CPU.ActiveCfg = Release|Any CPU
		{E8AC1D5D-BA6F-4EB8-8A00-1650A7069EB9}.Release|Any CPU.Build.0 = Release|Any CPU
		{E035FF8A-F838-4789-AA3B-7C7498642CF3}.Debug|Any CPU.ActiveCfg = Debug|Any CPU
		{E035FF8A-F838-4789-AA3B-7C7498642CF3}.Debug|Any CPU.Build.0 = Debug|Any CPU
		{E035FF8A-F838-4789-AA3B-7C7498642CF3}.Release|Any CPU.ActiveCfg = Release|Any CPU
		{E035FF8A-F838-4789-AA3B-7C7498642CF3}.Release|Any CPU.Build.0 = Release|Any CPU
		{19F96C69-FD17-45A4-82DF-535CAA53322B}.Debug|Any CPU.ActiveCfg = Debug|Any CPU
		{19F96C69-FD17-45A4-82DF-535CAA53322B}.Debug|Any CPU.Build.0 = Debug|Any CPU
		{19F96C69-FD17-45A4-82DF-535CAA53322B}.Release|Any CPU.ActiveCfg = Release|Any CPU
		{19F96C69-FD17-45A4-82DF-535CAA53322B}.Release|Any CPU.Build.0 = Release|Any CPU
		{98C5EC9C-5AEF-4105-A42D-35653ADA75B6}.Debug|Any CPU.ActiveCfg = Debug|Any CPU
		{98C5EC9C-5AEF-4105-A42D-35653ADA75B6}.Debug|Any CPU.Build.0 = Debug|Any CPU
		{98C5EC9C-5AEF-4105-A42D-35653ADA75B6}.Release|Any CPU.ActiveCfg = Release|Any CPU
		{98C5EC9C-5AEF-4105-A42D-35653ADA75B6}.Release|Any CPU.Build.0 = Release|Any CPU
		{15A62004-64C0-47D9-96DD-7881886A9A7D}.Debug|Any CPU.ActiveCfg = Debug|Any CPU
		{15A62004-64C0-47D9-96DD-7881886A9A7D}.Debug|Any CPU.Build.0 = Debug|Any CPU
		{15A62004-64C0-47D9-96DD-7881886A9A7D}.Release|Any CPU.ActiveCfg = Release|Any CPU
		{15A62004-64C0-47D9-96DD-7881886A9A7D}.Release|Any CPU.Build.0 = Release|Any CPU
		{180EE622-56A1-4B29-8A64-EA9C032903EC}.Debug|Any CPU.ActiveCfg = Debug|Any CPU
		{180EE622-56A1-4B29-8A64-EA9C032903EC}.Debug|Any CPU.Build.0 = Debug|Any CPU
		{180EE622-56A1-4B29-8A64-EA9C032903EC}.Release|Any CPU.ActiveCfg = Release|Any CPU
		{180EE622-56A1-4B29-8A64-EA9C032903EC}.Release|Any CPU.Build.0 = Release|Any CPU
	EndGlobalSection
	GlobalSection(SolutionProperties) = preSolution
		HideSolutionNode = FALSE
	EndGlobalSection
	GlobalSection(ExtensibilityGlobals) = postSolution
		SolutionGuid = {8547879E-4375-41D5-89F3-EAA4AD4FC88A}
	EndGlobalSection
EndGlobal
