
Microsoft Visual Studio Solution File, Format Version 12.00
# Visual Studio Version 17
VisualStudioVersion = 17.9.34723.18
MinimumVisualStudioVersion = 10.0.40219.1
Project("{FAE04EC0-301F-11D3-BF4B-00C04F79EFBC}") = "AppointmentTracker", "AppointmentTracker\AppointmentTracker.csproj", "{8DE1EA38-B28B-470A-8F45-83514DFE691F}"
EndProject
Global
	GlobalSection(SolutionConfigurationPlatforms) = preSolution
		Debug|Any CPU = Debug|Any CPU
		Release|Any CPU = Release|Any CPU
	EndGlobalSection
	GlobalSection(ProjectConfigurationPlatforms) = postSolution
		{8DE1EA38-B28B-470A-8F45-83514DFE691F}.Debug|Any CPU.ActiveCfg = Debug|Any CPU
		{8DE1EA38-B28B-470A-8F45-83514DFE691F}.Debug|Any CPU.Build.0 = Debug|Any CPU
		{8DE1EA38-B28B-470A-8F45-83514DFE691F}.Release|Any CPU.ActiveCfg = Release|Any CPU
		{8DE1EA38-B28B-470A-8F45-83514DFE691F}.Release|Any CPU.Build.0 = Release|Any CPU
	EndGlobalSection
	GlobalSection(SolutionProperties) = preSolution
		HideSolutionNode = FALSE
	EndGlobalSection
	GlobalSection(ExtensibilityGlobals) = postSolution
		SolutionGuid = {A0352B2B-FB77-49A6-94E5-D3A1C8197E80}
	EndGlobalSection
EndGlobal
