
Microsoft Visual Studio Solution File, Format Version 12.00
# Visual Studio Version 17
VisualStudioVersion = 17.9.34723.18
MinimumVisualStudioVersion = 10.0.40219.1
Project("{FAE04EC0-301F-11D3-BF4B-00C04F79EFBC}") = "PharmacyManagementApplication", "PharmacyManagementApplication\PharmacyManagementApplication.csproj", "{D4B498EA-BB1B-422A-9925-414210EB7B00}"
EndProject
Global
	GlobalSection(SolutionConfigurationPlatforms) = preSolution
		Debug|Any CPU = Debug|Any CPU
		Release|Any CPU = Release|Any CPU
	EndGlobalSection
	GlobalSection(ProjectConfigurationPlatforms) = postSolution
		{D4B498EA-BB1B-422A-9925-414210EB7B00}.Debug|Any CPU.ActiveCfg = Debug|Any CPU
		{D4B498EA-BB1B-422A-9925-414210EB7B00}.Debug|Any CPU.Build.0 = Debug|Any CPU
		{D4B498EA-BB1B-422A-9925-414210EB7B00}.Release|Any CPU.ActiveCfg = Release|Any CPU
		{D4B498EA-BB1B-422A-9925-414210EB7B00}.Release|Any CPU.Build.0 = Release|Any CPU
	EndGlobalSection
	GlobalSection(SolutionProperties) = preSolution
		HideSolutionNode = FALSE
	EndGlobalSection
	GlobalSection(ExtensibilityGlobals) = postSolution
		SolutionGuid = {735C4DBC-B091-4C57-877D-3212DAE8DCF4}
	EndGlobalSection
EndGlobal
